// !$*UTF8*$!
{
	archiveVersion = 1;
	classes = {
	};
	objectVersion = 77;
	objects = {

/* Begin PBXContainerItemProxy section */
		3FAC25DD2E81217300DC6008 /* PBXContainerItemProxy */ = {
			isa = PBXContainerItemProxy;
			containerPortal = 3FAC25C72E81217200DC6008 /* Project object */;
			proxyType = 1;
			remoteGlobalIDString = 3FAC25CE2E81217200DC6008;
			remoteInfo = "W02-Celin";
		};
		3FAC25E72E81217300DC6008 /* PBXContainerItemProxy */ = {
			isa = PBXContainerItemProxy;
			containerPortal = 3FAC25C72E81217200DC6008 /* Project object */;
			proxyType = 1;
			remoteGlobalIDString = 3FAC25CE2E81217200DC6008;
			remoteInfo = "W02-Celin";
		};
/* End PBXContainerItemProxy section */

/* Begin PBXFileReference section */
		3FAC25CF2E81217200DC6008 /* W02-Celin.app */ = {isa = PBXFileReference; explicitFileType = wrapper.application; includeInIndex = 0; path = "W02-Celin.app"; sourceTree = BUILT_PRODUCTS_DIR; };
		3FAC25DC2E81217300DC6008 /* W02-CelinTests.xctest */ = {isa = PBXFileReference; explicitFileType = wrapper.cfbundle; includeInIndex = 0; path = "W02-CelinTests.xctest"; sourceTree = BUILT_PRODUCTS_DIR; };
		3FAC25E62E81217300DC6008 /* W02-CelinUITests.xctest */ = {isa = PBXFileReference; explicitFileType = wrapper.cfbundle; includeInIndex = 0; path = "W02-CelinUITests.xctest"; sourceTree = BUILT_PRODUCTS_DIR; };
/* End PBXFileReference section */

/* Begin PBXFileSystemSynchronizedRootGroup section */
		3FAC25D12E81217200DC6008 /* W02-Celin */ = {
			isa = PBXFileSystemSynchronizedRootGroup;
			path = "W02-Celin";
			sourceTree = "<group>";
		};
		3FAC25DF2E81217300DC6008 /* W02-CelinTests */ = {
			isa = PBXFileSystemSynchronizedRootGroup;
			path = "W02-CelinTests";
			sourceTree = "<group>";
		};
		3FAC25E92E81217300DC6008 /* W02-CelinUITests */ = {
			isa = PBXFileSystemSynchronizedRootGroup;
			path = "W02-CelinUITests";
			sourceTree = "<group>";
		};
/* End PBXFileSystemSynchronizedRootGroup section */

/* Begin PBXFrameworksBuildPhase section */
		3FAC25CC2E81217200DC6008 /* Frameworks */ = {
			isa = PBXFrameworksBuildPhase;
			buildActionMask = 2147483647;
			files = (
			);
			runOnlyForDeploymentPostprocessing = 0;
		};
		3FAC25D92E81217300DC6008 /* Frameworks */ = {
			isa = PBXFrameworksBuildPhase;
			buildActionMask = 2147483647;
			files = (
			);
			runOnlyForDeploymentPostprocessing = 0;
		};
		3FAC25E32E81217300DC6008 /* Frameworks */ = {
			isa = PBXFrameworksBuildPhase;
			buildActionMask = 2147483647;
			files = (
			);
			runOnlyForDeploymentPostprocessing = 0;
		};
/* End PBXFrameworksBuildPhase section */

/* Begin PBXGroup section */
		3FAC25C62E81217200DC6008 = {
			isa = PBXGroup;
			children = (
				3FAC25D12E81217200DC6008 /* W02-Celin */,
				3FAC25DF2E81217300DC6008 /* W02-CelinTests */,
				3FAC25E92E81217300DC6008 /* W02-CelinUITests */,
				3FAC25D02E81217200DC6008 /* Products */,
			);
			sourceTree = "<group>";
		};
		3FAC25D02E81217200DC6008 /* Products */ = {
			isa = PBXGroup;
			children = (
				3FAC25CF2E81217200DC6008 /* W02-Celin.app */,
				3FAC25DC2E81217300DC6008 /* W02-CelinTests.xctest */,
				3FAC25E62E81217300DC6008 /* W02-CelinUITests.xctest */,
			);
			name = Products;
			sourceTree = "<group>";
		};
/* End PBXGroup section */

/* Begin PBXNativeTarget section */
		3FAC25CE2E81217200DC6008 /* W02-Celin */ = {
			isa = PBXNativeTarget;
			buildConfigurationList = 3FAC25F02E81217300DC6008 /* Build configuration list for PBXNativeTarget "W02-Celin" */;
			buildPhases = (
				3FAC25CB2E81217200DC6008 /* Sources */,
				3FAC25CC2E81217200DC6008 /* Frameworks */,
				3FAC25CD2E81217200DC6008 /* Resources */,
			);
			buildRules = (
			);
			dependencies = (
			);
			fileSystemSynchronizedGroups = (
				3FAC25D12E81217200DC6008 /* W02-Celin */,
			);
			name = "W02-Celin";
			packageProductDependencies = (
			);
			productName = "W02-Celin";
			productReference = 3FAC25CF2E81217200DC6008 /* W02-Celin.app */;
			productType = "com.apple.product-type.application";
		};
		3FAC25DB2E81217300DC6008 /* W02-CelinTests */ = {
			isa = PBXNativeTarget;
			buildConfigurationList = 3FAC25F32E81217300DC6008 /* Build configuration list for PBXNativeTarget "W02-CelinTests" */;
			buildPhases = (
				3FAC25D82E81217300DC6008 /* Sources */,
				3FAC25D92E81217300DC6008 /* Frameworks */,
				3FAC25DA2E81217300DC6008 /* Resources */,
			);
			buildRules = (
			);
			dependencies = (
				3FAC25DE2E81217300DC6008 /* PBXTargetDependency */,
			);
			fileSystemSynchronizedGroups = (
				3FAC25DF2E81217300DC6008 /* W02-CelinTests */,
			);
			name = "W02-CelinTests";
			packageProductDependencies = (
			);
			productName = "W02-CelinTests";
			productReference = 3FAC25DC2E81217300DC6008 /* W02-CelinTests.xctest */;
			productType = "com.apple.product-type.bundle.unit-test";
		};
		3FAC25E52E81217300DC6008 /* W02-CelinUITests */ = {
			isa = PBXNativeTarget;
			buildConfigurationList = 3FAC25F62E81217300DC6008 /* Build configuration list for PBXNativeTarget "W02-CelinUITests" */;
			buildPhases = (
				3FAC25E22E81217300DC6008 /* Sources */,
				3FAC25E32E81217300DC6008 /* Frameworks */,
				3FAC25E42E81217300DC6008 /* Resources */,
			);
			buildRules = (
			);
			dependencies = (
				3FAC25E82E81217300DC6008 /* PBXTargetDependency */,
			);
			fileSystemSynchronizedGroups = (
				3FAC25E92E81217300DC6008 /* W02-CelinUITests */,
			);
			name = "W02-CelinUITests";
			packageProductDependencies = (
			);
			productName = "W02-CelinUITests";
			productReference = 3FAC25E62E81217300DC6008 /* W02-CelinUITests.xctest */;
			productType = "com.apple.product-type.bundle.ui-testing";
		};
/* End PBXNativeTarget section */

/* Begin PBXProject section */
		3FAC25C72E81217200DC6008 /* Project object */ = {
			isa = PBXProject;
			attributes = {
				BuildIndependentTargetsInParallel = 1;
				LastSwiftUpdateCheck = 1640;
				LastUpgradeCheck = 1640;
				TargetAttributes = {
					3FAC25CE2E81217200DC6008 = {
						CreatedOnToolsVersion = 16.4;
					};
					3FAC25DB2E81217300DC6008 = {
						CreatedOnToolsVersion = 16.4;
						TestTargetID = 3FAC25CE2E81217200DC6008;
					};
					3FAC25E52E81217300DC6008 = {
						CreatedOnToolsVersion = 16.4;
						TestTargetID = 3FAC25CE2E81217200DC6008;
					};
				};
			};
			buildConfigurationList = 3FAC25CA2E81217200DC6008 /* Build configuration list for PBXProject "W02-Celin" */;
			developmentRegion = en;
			hasScannedForEncodings = 0;
			knownRegions = (
				en,
				Base,
			);
			mainGroup = 3FAC25C62E81217200DC6008;
			minimizedProjectReferenceProxies = 1;
			preferredProjectObjectVersion = 77;
			productRefGroup = 3FAC25D02E81217200DC6008 /* Products */;
			projectDirPath = "";
			projectRoot = "";
			targets = (
				3FAC25CE2E81217200DC6008 /* W02-Celin */,
				3FAC25DB2E81217300DC6008 /* W02-CelinTests */,
				3FAC25E52E81217300DC6008 /* W02-CelinUITests */,
			);
		};
/* End PBXProject section */

/* Begin PBXResourcesBuildPhase section */
		3FAC25CD2E81217200DC6008 /* Resources */ = {
			isa = PBXResourcesBuildPhase;
			buildActionMask = 2147483647;
			files = (
			);
			runOnlyForDeploymentPostprocessing = 0;
		};
		3FAC25DA2E81217300DC6008 /* Resources */ = {
			isa = PBXResourcesBuildPhase;
			buildActionMask = 2147483647;
			files = (
			);
			runOnlyForDeploymentPostprocessing = 0;
		};
		3FAC25E42E81217300DC6008 /* Resources */ = {
			isa = PBXResourcesBuildPhase;
			buildActionMask = 2147483647;
			files = (
			);
			runOnlyForDeploymentPostprocessing = 0;
		};
/* End PBXResourcesBuildPhase section */

/* Begin PBXSourcesBuildPhase section */
		3FAC25CB2E81217200DC6008 /* Sources */ = {
			isa = PBXSourcesBuildPhase;
			buildActionMask = 2147483647;
			files = (
			);
			runOnlyForDeploymentPostprocessing = 0;
		};
		3FAC25D82E81217300DC6008 /* Sources */ = {
			isa = PBXSourcesBuildPhase;
			buildActionMask = 2147483647;
			files = (
			);
			runOnlyForDeploymentPostprocessing = 0;
		};
		3FAC25E22E81217300DC6008 /* Sources */ = {
			isa = PBXSourcesBuildPhase;
			buildActionMask = 2147483647;
			files = (
			);
			runOnlyForDeploymentPostprocessing = 0;
		};
/* End PBXSourcesBuildPhase section */

/* Begin PBXTargetDependency section */
		3FAC25DE2E81217300DC6008 /* PBXTargetDependency */ = {
			isa = PBXTargetDependency;
			target = 3FAC25CE2E81217200DC6008 /* W02-Celin */;
			targetProxy = 3FAC25DD2E81217300DC6008 /* PBXContainerItemProxy */;
		};
		3FAC25E82E81217300DC6008 /* PBXTargetDependency */ = {
			isa = PBXTargetDependency;
			target = 3FAC25CE2E81217200DC6008 /* W02-Celin */;
			targetProxy = 3FAC25E72E81217300DC6008 /* PBXContainerItemProxy */;
		};
/* End PBXTargetDependency section */

/* Begin XCBuildConfiguration section */
		3FAC25EE2E81217300DC6008 /* Debug */ = {
			isa = XCBuildConfiguration;
			buildSettings = {
				ALWAYS_SEARCH_USER_PATHS = NO;
				ASSETCATALOG_COMPILER_GENERATE_SWIFT_ASSET_SYMBOL_EXTENSIONS = YES;
				CLANG_ANALYZER_NONNULL = YES;
				CLANG_ANALYZER_NUMBER_OBJECT_CONVERSION = YES_AGGRESSIVE;
				CLANG_CXX_LANGUAGE_STANDARD = "gnu++20";
				CLANG_ENABLE_MODULES = YES;
				CLANG_ENABLE_OBJC_ARC = YES;
				CLANG_ENABLE_OBJC_WEAK = YES;
				CLANG_WARN_BLOCK_CAPTURE_AUTORELEASING = YES;
				CLANG_WARN_BOOL_CONVERSION = YES;
				CLANG_WARN_COMMA = YES;
				CLANG_WARN_CONSTANT_CONVERSION = YES;
				CLANG_WARN_DEPRECATED_OBJC_IMPLEMENTATIONS = YES;
				CLANG_WARN_DIRECT_OBJC_ISA_USAGE = YES_ERROR;
				CLANG_WARN_DOCUMENTATION_COMMENTS = YES;
				CLANG_WARN_EMPTY_BODY = YES;
				CLANG_WARN_ENUM_CONVERSION = YES;
				CLANG_WARN_INFINITE_RECURSION = YES;
				CLANG_WARN_INT_CONVERSION = YES;
				CLANG_WARN_NON_LITERAL_NULL_CONVERSION = YES;
				CLANG_WARN_OBJC_IMPLICIT_RETAIN_SELF = YES;
				CLANG_WARN_OBJC_LITERAL_CONVERSION = YES;
				CLANG_WARN_OBJC_ROOT_CLASS = YES_ERROR;
				CLANG_WARN_QUOTED_INCLUDE_IN_FRAMEWORK_HEADER = YES;
				CLANG_WARN_RANGE_LOOP_ANALYSIS = YES;
				CLANG_WARN_STRICT_PROTOTYPES = YES;
				CLANG_WARN_SUSPICIOUS_MOVE = YES;
				CLANG_WARN_UNGUARDED_AVAILABILITY = YES_AGGRESSIVE;
				CLANG_WARN_UNREACHABLE_CODE = YES;
				CLANG_WARN__DUPLICATE_METHOD_MATCH = YES;
				COPY_PHASE_STRIP = NO;
				DEBUG_INFORMATION_FORMAT = dwarf;
				ENABLE_STRICT_OBJC_MSGSEND = YES;
				ENABLE_TESTABILITY = YES;
				ENABLE_USER_SCRIPT_SANDBOXING = YES;
				GCC_C_LANGUAGE_STANDARD = gnu17;
				GCC_DYNAMIC_NO_PIC = NO;
				GCC_NO_COMMON_BLOCKS = YES;
				GCC_OPTIMIZATION_LEVEL = 0;
				GCC_PREPROCESSOR_DEFINITIONS = (
					"DEBUG=1",
					"$(inherited)",
				);
				GCC_WARN_64_TO_32_BIT_CONVERSION = YES;
				GCC_WARN_ABOUT_RETURN_TYPE = YES_ERROR;
				GCC_WARN_UNDECLARED_SELECTOR = YES;
				GCC_WARN_UNINITIALIZED_AUTOS = YES_AGGRESSIVE;
				GCC_WARN_UNUSED_FUNCTION = YES;
				GCC_WARN_UNUSED_VARIABLE = YES;
				IPHONEOS_DEPLOYMENT_TARGET = 18.5;
				LOCALIZATION_PREFERS_STRING_CATALOGS = YES;
				MTL_ENABLE_DEBUG_INFO = INCLUDE_SOURCE;
				MTL_FAST_MATH = YES;
				ONLY_ACTIVE_ARCH = YES;
				SDKROOT = iphoneos;
				SWIFT_ACTIVE_COMPILATION_CONDITIONS = "DEBUG $(inherited)";
				SWIFT_OPTIMIZATION_LEVEL = "-Onone";
			};
			name = Debug;
		};
		3FAC25EF2E81217300DC6008 /* Release */ = {
			isa = XCBuildConfiguration;
			buildSettings = {
				ALWAYS_SEARCH_USER_PATHS = NO;
				ASSETCATALOG_COMPILER_GENERATE_SWIFT_ASSET_SYMBOL_EXTENSIONS = YES;
				CLANG_ANALYZER_NONNULL = YES;
				CLANG_ANALYZER_NUMBER_OBJECT_CONVERSION = YES_AGGRESSIVE;
				CLANG_CXX_LANGUAGE_STANDARD = "gnu++20";
				CLANG_ENABLE_MODULES = YES;
				CLANG_ENABLE_OBJC_ARC = YES;
				CLANG_ENABLE_OBJC_WEAK = YES;
				CLANG_WARN_BLOCK_CAPTURE_AUTORELEASING = YES;
				CLANG_WARN_BOOL_CONVERSION = YES;
				CLANG_WARN_COMMA = YES;
				CLANG_WARN_CONSTANT_CONVERSION = YES;
				CLANG_WARN_DEPRECATED_OBJC_IMPLEMENTATIONS = YES;
				CLANG_WARN_DIRECT_OBJC_ISA_USAGE = YES_ERROR;
				CLANG_WARN_DOCUMENTATION_COMMENTS = YES;
				CLANG_WARN_EMPTY_BODY = YES;
				CLANG_WARN_ENUM_CONVERSION = YES;
				CLANG_WARN_INFINITE_RECURSION = YES;
				CLANG_WARN_INT_CONVERSION = YES;
				CLANG_WARN_NON_LITERAL_NULL_CONVERSION = YES;
				CLANG_WARN_OBJC_IMPLICIT_RETAIN_SELF = YES;
				CLANG_WARN_OBJC_LITERAL_CONVERSION = YES;
				CLANG_WARN_OBJC_ROOT_CLASS = YES_ERROR;
				CLANG_WARN_QUOTED_INCLUDE_IN_FRAMEWORK_HEADER = YES;
				CLANG_WARN_RANGE_LOOP_ANALYSIS = YES;
				CLANG_WARN_STRICT_PROTOTYPES = YES;
				CLANG_WARN_SUSPICIOUS_MOVE = YES;
				CLANG_WARN_UNGUARDED_AVAILABILITY = YES_AGGRESSIVE;
				CLANG_WARN_UNREACHABLE_CODE = YES;
				CLANG_WARN__DUPLICATE_METHOD_MATCH = YES;
				COPY_PHASE_STRIP = NO;
				DEBUG_INFORMATION_FORMAT = "dwarf-with-dsym";
				ENABLE_NS_ASSERTIONS = NO;
				ENABLE_STRICT_OBJC_MSGSEND = YES;
				ENABLE_USER_SCRIPT_SANDBOXING = YES;
				GCC_C_LANGUAGE_STANDARD = gnu17;
				GCC_NO_COMMON_BLOCKS = YES;
				GCC_WARN_64_TO_32_BIT_CONVERSION = YES;
				GCC_WARN_ABOUT_RETURN_TYPE = YES_ERROR;
				GCC_WARN_UNDECLARED_SELECTOR = YES;
				GCC_WARN_UNINITIALIZED_AUTOS = YES_AGGRESSIVE;
				GCC_WARN_UNUSED_FUNCTION = YES;
				GCC_WARN_UNUSED_VARIABLE = YES;
				IPHONEOS_DEPLOYMENT_TARGET = 18.5;
				LOCALIZATION_PREFERS_STRING_CATALOGS = YES;
				MTL_ENABLE_DEBUG_INFO = NO;
				MTL_FAST_MATH = YES;
				SDKROOT = iphoneos;
				SWIFT_COMPILATION_MODE = wholemodule;
				VALIDATE_PRODUCT = YES;
			};
			name = Release;
		};
		3FAC25F12E81217300DC6008 /* Debug */ = {
			isa = XCBuildConfiguration;
			buildSettings = {
				ASSETCATALOG_COMPILER_APPICON_NAME = AppIcon;
				ASSETCATALOG_COMPILER_GLOBAL_ACCENT_COLOR_NAME = AccentColor;
				CODE_SIGN_STYLE = Automatic;
				CURRENT_PROJECT_VERSION = 1;
				ENABLE_PREVIEWS = YES;
				GENERATE_INFOPLIST_FILE = YES;
				INFOPLIST_KEY_UIApplicationSceneManifest_Generation = YES;
				INFOPLIST_KEY_UIApplicationSupportsIndirectInputEvents = YES;
				INFOPLIST_KEY_UILaunchScreen_Generation = YES;
				INFOPLIST_KEY_UISupportedInterfaceOrientations_iPad = "UIInterfaceOrientationPortrait UIInterfaceOrientationPortraitUpsideDown UIInterfaceOrientationLandscapeLeft UIInterfaceOrientationLandscapeRight";
				INFOPLIST_KEY_UISupportedInterfaceOrientations_iPhone = "UIInterfaceOrientationPortrait UIInterfaceOrientationLandscapeLeft UIInterfaceOrientationLandscapeRight";
				LD_RUNPATH_SEARCH_PATHS = (
					"$(inherited)",
					"@executable_path/Frameworks",
				);
				MARKETING_VERSION = 1.0;
				PRODUCT_BUNDLE_IDENTIFIER = "UC.W02-Celin";
				PRODUCT_NAME = "$(TARGET_NAME)";
				SWIFT_EMIT_LOC_STRINGS = YES;
				SWIFT_VERSION = 5.0;
				TARGETED_DEVICE_FAMILY = "1,2";
			};
			name = Debug;
		};
		3FAC25F22E81217300DC6008 /* Release */ = {
			isa = XCBuildConfiguration;
			buildSettings = {
				ASSETCATALOG_COMPILER_APPICON_NAME = AppIcon;
				ASSETCATALOG_COMPILER_GLOBAL_ACCENT_COLOR_NAME = AccentColor;
				CODE_SIGN_STYLE = Automatic;
				CURRENT_PROJECT_VERSION = 1;
				ENABLE_PREVIEWS = YES;
				GENERATE_INFOPLIST_FILE = YES;
				INFOPLIST_KEY_UIApplicationSceneManifest_Generation = YES;
				INFOPLIST_KEY_UIApplicationSupportsIndirectInputEvents = YES;
				INFOPLIST_KEY_UILaunchScreen_Generation = YES;
				INFOPLIST_KEY_UISupportedInterfaceOrientations_iPad = "UIInterfaceOrientationPortrait UIInterfaceOrientationPortraitUpsideDown UIInterfaceOrientationLandscapeLeft UIInterfaceOrientationLandscapeRight";
				INFOPLIST_KEY_UISupportedInterfaceOrientations_iPhone = "UIInterfaceOrientationPortrait UIInterfaceOrientationLandscapeLeft UIInterfaceOrientationLandscapeRight";
				LD_RUNPATH_SEARCH_PATHS = (
					"$(inherited)",
					"@executable_path/Frameworks",
				);
				MARKETING_VERSION = 1.0;
				PRODUCT_BUNDLE_IDENTIFIER = "UC.W02-Celin";
				PRODUCT_NAME = "$(TARGET_NAME)";
				SWIFT_EMIT_LOC_STRINGS = YES;
				SWIFT_VERSION = 5.0;
				TARGETED_DEVICE_FAMILY = "1,2";
			};
			name = Release;
		};
		3FAC25F42E81217300DC6008 /* Debug */ = {
			isa = XCBuildConfiguration;
			buildSettings = {
				BUNDLE_LOADER = "$(TEST_HOST)";
				CODE_SIGN_STYLE = Automatic;
				CURRENT_PROJECT_VERSION = 1;
				GENERATE_INFOPLIST_FILE = YES;
				IPHONEOS_DEPLOYMENT_TARGET = 18.5;
				MARKETING_VERSION = 1.0;
				PRODUCT_BUNDLE_IDENTIFIER = "UC.W02-CelinTests";
				PRODUCT_NAME = "$(TARGET_NAME)";
				SWIFT_EMIT_LOC_STRINGS = NO;
				SWIFT_VERSION = 5.0;
				TARGETED_DEVICE_FAMILY = "1,2";
				TEST_HOST = "$(BUILT_PRODUCTS_DIR)/W02-Celin.app/$(BUNDLE_EXECUTABLE_FOLDER_PATH)/W02-Celin";
			};
			name = Debug;
		};
		3FAC25F52E81217300DC6008 /* Release */ = {
			isa = XCBuildConfiguration;
			buildSettings = {
				BUNDLE_LOADER = "$(TEST_HOST)";
				CODE_SIGN_STYLE = Automatic;
				CURRENT_PROJECT_VERSION = 1;
				GENERATE_INFOPLIST_FILE = YES;
				IPHONEOS_DEPLOYMENT_TARGET = 18.5;
				MARKETING_VERSION = 1.0;
				PRODUCT_BUNDLE_IDENTIFIER = "UC.W02-CelinTests";
				PRODUCT_NAME = "$(TARGET_NAME)";
				SWIFT_EMIT_LOC_STRINGS = NO;
				SWIFT_VERSION = 5.0;
				TARGETED_DEVICE_FAMILY = "1,2";
				TEST_HOST = "$(BUILT_PRODUCTS_DIR)/W02-Celin.app/$(BUNDLE_EXECUTABLE_FOLDER_PATH)/W02-Celin";
			};
			name = Release;
		};
		3FAC25F72E81217300DC6008 /* Debug */ = {
			isa = XCBuildConfiguration;
			buildSettings = {
				CODE_SIGN_STYLE = Automatic;
				CURRENT_PROJECT_VERSION = 1;
				GENERATE_INFOPLIST_FILE = YES;
				MARKETING_VERSION = 1.0;
				PRODUCT_BUNDLE_IDENTIFIER = "UC.W02-CelinUITests";
				PRODUCT_NAME = "$(TARGET_NAME)";
				SWIFT_EMIT_LOC_STRINGS = NO;
				SWIFT_VERSION = 5.0;
				TARGETED_DEVICE_FAMILY = "1,2";
				TEST_TARGET_NAME = "W02-Celin";
			};
			name = Debug;
		};
		3FAC25F82E81217300DC6008 /* Release */ = {
			isa = XCBuildConfiguration;
			buildSettings = {
				CODE_SIGN_STYLE = Automatic;
				CURRENT_PROJECT_VERSION = 1;
				GENERATE_INFOPLIST_FILE = YES;
				MARKETING_VERSION = 1.0;
				PRODUCT_BUNDLE_IDENTIFIER = "UC.W02-CelinUITests";
				PRODUCT_NAME = "$(TARGET_NAME)";
				SWIFT_EMIT_LOC_STRINGS = NO;
				SWIFT_VERSION = 5.0;
				TARGETED_DEVICE_FAMILY = "1,2";
				TEST_TARGET_NAME = "W02-Celin";
			};
			name = Release;
		};
/* End XCBuildConfiguration section */

/* Begin XCConfigurationList section */
		3FAC25CA2E81217200DC6008 /* Build configuration list for PBXProject "W02-Celin" */ = {
			isa = XCConfigurationList;
			buildConfigurations = (
				3FAC25EE2E81217300DC6008 /* Debug */,
				3FAC25EF2E81217300DC6008 /* Release */,
			);
			defaultConfigurationIsVisible = 0;
			defaultConfigurationName = Release;
		};
		3FAC25F02E81217300DC6008 /* Build configuration list for PBXNativeTarget "W02-Celin" */ = {
			isa = XCConfigurationList;
			buildConfigurations = (
				3FAC25F12E81217300DC6008 /* Debug */,
				3FAC25F22E81217300DC6008 /* Release */,
			);
			defaultConfigurationIsVisible = 0;
			defaultConfigurationName = Release;
		};
		3FAC25F32E81217300DC6008 /* Build configuration list for PBXNativeTarget "W02-CelinTests" */ = {
			isa = XCConfigurationList;
			buildConfigurations = (
				3FAC25F42E81217300DC6008 /* Debug */,
				3FAC25F52E81217300DC6008 /* Release */,
			);
			defaultConfigurationIsVisible = 0;
			defaultConfigurationName = Release;
		};
		3FAC25F62E81217300DC6008 /* Build configuration list for PBXNativeTarget "W02-CelinUITests" */ = {
			isa = XCConfigurationList;
			buildConfigurations = (
				3FAC25F72E81217300DC6008 /* Debug */,
				3FAC25F82E81217300DC6008 /* Release */,
			);
			defaultConfigurationIsVisible = 0;
			defaultConfigurationName = Release;
		};
/* End XCConfigurationList section */
	};
	rootObject = 3FAC25C72E81217200DC6008 /* Project object */;
}
